// !$*UTF8*$!
{
	archiveVersion = 1;
	classes = {
	};
	objectVersion = 52;
	objects = {

/* Begin PBXBuildFile section */
		CF35AA93233DC0D000CB8879 /* PushupData.swift in Sources */ = {isa = PBXBuildFile; fileRef = CF35AA92233DC0D000CB8879 /* PushupData.swift */; };
		CF35AA95233DC9DB00CB8879 /* AddItViewController.swift in Sources */ = {isa = PBXBuildFile; fileRef = CF35AA94233DC9DB00CB8879 /* AddItViewController.swift */; };
		CF35AA9B233E831F00CB8879 /* HistoryViewController.swift in Sources */ = {isa = PBXBuildFile; fileRef = CF35AA9A233E831F00CB8879 /* HistoryViewController.swift */; };
		CF6D1106233C30A700CC8510 /* AppDelegate.swift in Sources */ = {isa = PBXBuildFile; fileRef = CF6D1105233C30A700CC8510 /* AppDelegate.swift */; };
		CF6D1108233C30A700CC8510 /* SceneDelegate.swift in Sources */ = {isa = PBXBuildFile; fileRef = CF6D1107233C30A700CC8510 /* SceneDelegate.swift */; };
		CF6D110D233C30A700CC8510 /* Main.storyboard in Resources */ = {isa = PBXBuildFile; fileRef = CF6D110B233C30A700CC8510 /* Main.storyboard */; };
		CF6D110F233C30A800CC8510 /* Assets.xcassets in Resources */ = {isa = PBXBuildFile; fileRef = CF6D110E233C30A800CC8510 /* Assets.xcassets */; };
		CF6D1112233C30A800CC8510 /* LaunchScreen.storyboard in Resources */ = {isa = PBXBuildFile; fileRef = CF6D1110233C30A800CC8510 /* LaunchScreen.storyboard */; };
		CFDF8B8F233EB1BB00463EFC /* PushupSession.swift in Sources */ = {isa = PBXBuildFile; fileRef = CFDF8B8E233EB1BB00463EFC /* PushupSession.swift */; };
		CFDF8B93233EC97800463EFC /* WebViewController.swift in Sources */ = {isa = PBXBuildFile; fileRef = CFDF8B92233EC97800463EFC /* WebViewController.swift */; };
/* End PBXBuildFile section */

/* Begin PBXFileReference section */
		CF35AA92233DC0D000CB8879 /* PushupData.swift */ = {isa = PBXFileReference; lastKnownFileType = sourcecode.swift; path = PushupData.swift; sourceTree = "<group>"; };
		CF35AA94233DC9DB00CB8879 /* AddItViewController.swift */ = {isa = PBXFileReference; fileEncoding = 4; lastKnownFileType = sourcecode.swift; path = AddItViewController.swift; sourceTree = "<group>"; };
		CF35AA9A233E831F00CB8879 /* HistoryViewController.swift */ = {isa = PBXFileReference; fileEncoding = 4; lastKnownFileType = sourcecode.swift; path = HistoryViewController.swift; sourceTree = "<group>"; };
		CF6D1102233C30A700CC8510 /* IS543Proj1.app */ = {isa = PBXFileReference; explicitFileType = wrapper.application; includeInIndex = 0; path = IS543Proj1.app; sourceTree = BUILT_PRODUCTS_DIR; };
		CF6D1105233C30A700CC8510 /* AppDelegate.swift */ = {isa = PBXFileReference; lastKnownFileType = sourcecode.swift; path = AppDelegate.swift; sourceTree = "<group>"; };
		CF6D1107233C30A700CC8510 /* SceneDelegate.swift */ = {isa = PBXFileReference; lastKnownFileType = sourcecode.swift; path = SceneDelegate.swift; sourceTree = "<group>"; };
		CF6D110C233C30A700CC8510 /* Base */ = {isa = PBXFileReference; lastKnownFileType = file.storyboard; name = Base; path = Base.lproj/Main.storyboard; sourceTree = "<group>"; };
		CF6D110E233C30A800CC8510 /* Assets.xcassets */ = {isa = PBXFileReference; lastKnownFileType = folder.assetcatalog; path = Assets.xcassets; sourceTree = "<group>"; };
		CF6D1111233C30A800CC8510 /* Base */ = {isa = PBXFileReference; lastKnownFileType = file.storyboard; name = Base; path = Base.lproj/LaunchScreen.storyboard; sourceTree = "<group>"; };
		CF6D1113233C30A800CC8510 /* Info.plist */ = {isa = PBXFileReference; lastKnownFileType = text.plist.xml; path = Info.plist; sourceTree = "<group>"; };
		CFDF8B8E233EB1BB00463EFC /* PushupSession.swift */ = {isa = PBXFileReference; lastKnownFileType = sourcecode.swift; path = PushupSession.swift; sourceTree = "<group>"; };
		CFDF8B92233EC97800463EFC /* WebViewController.swift */ = {isa = PBXFileReference; lastKnownFileType = sourcecode.swift; path = WebViewController.swift; sourceTree = "<group>"; };
/* End PBXFileReference section */

/* Begin PBXFrameworksBuildPhase section */
		CF6D10FF233C30A700CC8510 /* Frameworks */ = {
			isa = PBXFrameworksBuildPhase;
			buildActionMask = 2147483647;
			files = (
			);
			runOnlyForDeploymentPostprocessing = 0;
		};
/* End PBXFrameworksBuildPhase section */

/* Begin PBXGroup section */
		CF35AA8E233DBF6E00CB8879 /* SupportingFiles */ = {
			isa = PBXGroup;
			children = (
				CF6D110E233C30A800CC8510 /* Assets.xcassets */,
				CF6D1105233C30A700CC8510 /* AppDelegate.swift */,
				CF6D1107233C30A700CC8510 /* SceneDelegate.swift */,
				CF6D1110233C30A800CC8510 /* LaunchScreen.storyboard */,
				CF6D1113233C30A800CC8510 /* Info.plist */,
			);
			name = SupportingFiles;
			sourceTree = "<group>";
		};
		CF35AA8F233DBFFD00CB8879 /* Model */ = {
			isa = PBXGroup;
			children = (
				CF35AA92233DC0D000CB8879 /* PushupData.swift */,
				CFDF8B8E233EB1BB00463EFC /* PushupSession.swift */,
			);
			path = Model;
			sourceTree = "<group>";
		};
		CF35AA90233DC00500CB8879 /* View */ = {
			isa = PBXGroup;
			children = (
				CF6D110B233C30A700CC8510 /* Main.storyboard */,
			);
			path = View;
			sourceTree = "<group>";
		};
		CF35AA91233DC00F00CB8879 /* Controller */ = {
			isa = PBXGroup;
			children = (
				CF35AA9A233E831F00CB8879 /* HistoryViewController.swift */,
				CF35AA94233DC9DB00CB8879 /* AddItViewController.swift */,
				CFDF8B92233EC97800463EFC /* WebViewController.swift */,
			);
			path = Controller;
			sourceTree = "<group>";
		};
		CF6D10F9233C30A700CC8510 = {
			isa = PBXGroup;
			children = (
				CF6D1104233C30A700CC8510 /* IS543Proj1 */,
				CF6D1103233C30A700CC8510 /* Products */,
			);
			sourceTree = "<group>";
		};
		CF6D1103233C30A700CC8510 /* Products */ = {
			isa = PBXGroup;
			children = (
				CF6D1102233C30A700CC8510 /* IS543Proj1.app */,
			);
			name = Products;
			sourceTree = "<group>";
		};
		CF6D1104233C30A700CC8510 /* IS543Proj1 */ = {
			isa = PBXGroup;
			children = (
				CF35AA8F233DBFFD00CB8879 /* Model */,
				CF35AA90233DC00500CB8879 /* View */,
				CF35AA91233DC00F00CB8879 /* Controller */,
				CF35AA8E233DBF6E00CB8879 /* SupportingFiles */,
			);
			path = IS543Proj1;
			sourceTree = "<group>";
		};
/* End PBXGroup section */

/* Begin PBXNativeTarget section */
		CF6D1101233C30A700CC8510 /* IS543Proj1 */ = {
			isa = PBXNativeTarget;
			buildConfigurationList = CF6D1116233C30A800CC8510 /* Build configuration list for PBXNativeTarget "IS543Proj1" */;
			buildPhases = (
				CF6D10FE233C30A700CC8510 /* Sources */,
				CF6D10FF233C30A700CC8510 /* Frameworks */,
				CF6D1100233C30A700CC8510 /* Resources */,
			);
			buildRules = (
			);
			dependencies = (
			);
			name = IS543Proj1;
			productName = IS543Proj1;
			productReference = CF6D1102233C30A700CC8510 /* IS543Proj1.app */;
			productType = "com.apple.product-type.application";
		};
/* End PBXNativeTarget section */

/* Begin PBXProject section */
		CF6D10FA233C30A700CC8510 /* Project object */ = {
			isa = PBXProject;
			attributes = {
				LastSwiftUpdateCheck = 1100;
				LastUpgradeCheck = 1100;
				ORGANIZATIONNAME = "Jacob Ridgwell";
				TargetAttributes = {
					CF6D1101233C30A700CC8510 = {
						CreatedOnToolsVersion = 11.0;
					};
				};
			};
			buildConfigurationList = CF6D10FD233C30A700CC8510 /* Build configuration list for PBXProject "IS543Proj1" */;
			compatibilityVersion = "Xcode 11.0";
			developmentRegion = en;
			hasScannedForEncodings = 0;
			knownRegions = (
				en,
				Base,
			);
			mainGroup = CF6D10F9233C30A700CC8510;
			productRefGroup = CF6D1103233C30A700CC8510 /* Products */;
			projectDirPath = "";
			projectRoot = "";
			targets = (
				CF6D1101233C30A700CC8510 /* IS543Proj1 */,
			);
		};
/* End PBXProject section */

/* Begin PBXResourcesBuildPhase section */
		CF6D1100233C30A700CC8510 /* Resources */ = {
			isa = PBXResourcesBuildPhase;
			buildActionMask = 2147483647;
			files = (
				CF6D1112233C30A800CC8510 /* LaunchScreen.storyboard in Resources */,
				CF6D110F233C30A800CC8510 /* Assets.xcassets in Resources */,
				CF6D110D233C30A700CC8510 /* Main.storyboard in Resources */,
			);
			runOnlyForDeploymentPostprocessing = 0;
		};
/* End PBXResourcesBuildPhase section */

/* Begin PBXSourcesBuildPhase section */
		CF6D10FE233C30A700CC8510 /* Sources */ = {
			isa = PBXSourcesBuildPhase;
			buildActionMask = 2147483647;
			files = (
				CF35AA93233DC0D000CB8879 /* PushupData.swift in Sources */,
				CF6D1106233C30A700CC8510 /* AppDelegate.swift in Sources */,
				CF35AA95233DC9DB00CB8879 /* AddItViewController.swift in Sources */,
				CFDF8B8F233EB1BB00463EFC /* PushupSession.swift in Sources */,
				CF35AA9B233E831F00CB8879 /* HistoryViewController.swift in Sources */,
				CF6D1108233C30A700CC8510 /* SceneDelegate.swift in Sources */,
				CFDF8B93233EC97800463EFC /* WebViewController.swift in Sources */,
			);
			runOnlyForDeploymentPostprocessing = 0;
		};
/* End PBXSourcesBuildPhase section */

/* Begin PBXVariantGroup section */
		CF6D110B233C30A700CC8510 /* Main.storyboard */ = {
			isa = PBXVariantGroup;
			children = (
				CF6D110C233C30A700CC8510 /* Base */,
			);
			name = Main.storyboard;
			sourceTree = "<group>";
		};
		CF6D1110233C30A800CC8510 /* LaunchScreen.storyboard */ = {
			isa = PBXVariantGroup;
			children = (
				CF6D1111233C30A800CC8510 /* Base */,
			);
			name = LaunchScreen.storyboard;
			sourceTree = "<group>";
		};
/* End PBXVariantGroup section */

/* Begin XCBuildConfiguration section */
		CF6D1114233C30A800CC8510 /* Debug */ = {
			isa = XCBuildConfiguration;
			buildSettings = {
				ALWAYS_SEARCH_USER_PATHS = NO;
				CLANG_ANALYZER_NONNULL = YES;
				CLANG_ANALYZER_NUMBER_OBJECT_CONVERSION = YES_AGGRESSIVE;
				CLANG_CXX_LANGUAGE_STANDARD = "gnu++14";
				CLANG_CXX_LIBRARY = "libc++";
				CLANG_ENABLE_MODULES = YES;
				CLANG_ENABLE_OBJC_ARC = YES;
				CLANG_ENABLE_OBJC_WEAK = YES;
				CLANG_WARN_BLOCK_CAPTURE_AUTORELEASING = YES;
				CLANG_WARN_BOOL_CONVERSION = YES;
				CLANG_WARN_COMMA = YES;
				CLANG_WARN_CONSTANT_CONVERSION = YES;
				CLANG_WARN_DEPRECATED_OBJC_IMPLEMENTATIONS = YES;
				CLANG_WARN_DIRECT_OBJC_ISA_USAGE = YES_ERROR;
				CLANG_WARN_DOCUMENTATION_COMMENTS = YES;
				CLANG_WARN_EMPTY_BODY = YES;
				CLANG_WARN_ENUM_CONVERSION = YES;
				CLANG_WARN_INFINITE_RECURSION = YES;
				CLANG_WARN_INT_CONVERSION = YES;
				CLANG_WARN_NON_LITERAL_NULL_CONVERSION = YES;
				CLANG_WARN_OBJC_IMPLICIT_RETAIN_SELF = YES;
				CLANG_WARN_OBJC_LITERAL_CONVERSION = YES;
				CLANG_WARN_OBJC_ROOT_CLASS = YES_ERROR;
				CLANG_WARN_RANGE_LOOP_ANALYSIS = YES;
				CLANG_WARN_STRICT_PROTOTYPES = YES;
				CLANG_WARN_SUSPICIOUS_MOVE = YES;
				CLANG_WARN_UNGUARDED_AVAILABILITY = YES_AGGRESSIVE;
				CLANG_WARN_UNREACHABLE_CODE = YES;
				CLANG_WARN__DUPLICATE_METHOD_MATCH = YES;
				COPY_PHASE_STRIP = NO;
				DEBUG_INFORMATION_FORMAT = dwarf;
				ENABLE_STRICT_OBJC_MSGSEND = YES;
				ENABLE_TESTABILITY = YES;
				GCC_C_LANGUAGE_STANDARD = gnu11;
				GCC_DYNAMIC_NO_PIC = NO;
				GCC_NO_COMMON_BLOCKS = YES;
				GCC_OPTIMIZATION_LEVEL = 0;
				GCC_PREPROCESSOR_DEFINITIONS = (
					"DEBUG=1",
					"$(inherited)",
				);
				GCC_WARN_64_TO_32_BIT_CONVERSION = YES;
				GCC_WARN_ABOUT_RETURN_TYPE = YES_ERROR;
				GCC_WARN_UNDECLARED_SELECTOR = YES;
				GCC_WARN_UNINITIALIZED_AUTOS = YES_AGGRESSIVE;
				GCC_WARN_UNUSED_FUNCTION = YES;
				GCC_WARN_UNUSED_VARIABLE = YES;
				IPHONEOS_DEPLOYMENT_TARGET = 13.0;
				MTL_ENABLE_DEBUG_INFO = INCLUDE_SOURCE;
				MTL_FAST_MATH = YES;
				ONLY_ACTIVE_ARCH = YES;
				SDKROOT = iphoneos;
				SWIFT_ACTIVE_COMPILATION_CONDITIONS = DEBUG;
				SWIFT_OPTIMIZATION_LEVEL = "-Onone";
			};
			name = Debug;
		};
		CF6D1115233C30A800CC8510 /* Release */ = {
			isa = XCBuildConfiguration;
			buildSettings = {
				ALWAYS_SEARCH_USER_PATHS = NO;
				CLANG_ANALYZER_NONNULL = YES;
				CLANG_ANALYZER_NUMBER_OBJECT_CONVERSION = YES_AGGRESSIVE;
				CLANG_CXX_LANGUAGE_STANDARD = "gnu++14";
				CLANG_CXX_LIBRARY = "libc++";
				CLANG_ENABLE_MODULES = YES;
				CLANG_ENABLE_OBJC_ARC = YES;
				CLANG_ENABLE_OBJC_WEAK = YES;
				CLANG_WARN_BLOCK_CAPTURE_AUTORELEASING = YES;
				CLANG_WARN_BOOL_CONVERSION = YES;
				CLANG_WARN_COMMA = YES;
				CLANG_WARN_CONSTANT_CONVERSION = YES;
				CLANG_WARN_DEPRECATED_OBJC_IMPLEMENTATIONS = YES;
				CLANG_WARN_DIRECT_OBJC_ISA_USAGE = YES_ERROR;
				CLANG_WARN_DOCUMENTATION_COMMENTS = YES;
				CLANG_WARN_EMPTY_BODY = YES;
				CLANG_WARN_ENUM_CONVERSION = YES;
				CLANG_WARN_INFINITE_RECURSION = YES;
				CLANG_WARN_INT_CONVERSION = YES;
				CLANG_WARN_NON_LITERAL_NULL_CONVERSION = YES;
				CLANG_WARN_OBJC_IMPLICIT_RETAIN_SELF = YES;
				CLANG_WARN_OBJC_LITERAL_CONVERSION = YES;
				CLANG_WARN_OBJC_ROOT_CLASS = YES_ERROR;
				CLANG_WARN_RANGE_LOOP_ANALYSIS = YES;
				CLANG_WARN_STRICT_PROTOTYPES = YES;
				CLANG_WARN_SUSPICIOUS_MOVE = YES;
				CLANG_WARN_UNGUARDED_AVAILABILITY = YES_AGGRESSIVE;
				CLANG_WARN_UNREACHABLE_CODE = YES;
				CLANG_WARN__DUPLICATE_METHOD_MATCH = YES;
				COPY_PHASE_STRIP = NO;
				DEBUG_INFORMATION_FORMAT = "dwarf-with-dsym";
				ENABLE_NS_ASSERTIONS = NO;
				ENABLE_STRICT_OBJC_MSGSEND = YES;
				GCC_C_LANGUAGE_STANDARD = gnu11;
				GCC_NO_COMMON_BLOCKS = YES;
				GCC_WARN_64_TO_32_BIT_CONVERSION = YES;
				GCC_WARN_ABOUT_RETURN_TYPE = YES_ERROR;
				GCC_WARN_UNDECLARED_SELECTOR = YES;
				GCC_WARN_UNINITIALIZED_AUTOS = YES_AGGRESSIVE;
				GCC_WARN_UNUSED_FUNCTION = YES;
				GCC_WARN_UNUSED_VARIABLE = YES;
				IPHONEOS_DEPLOYMENT_TARGET = 13.0;
				MTL_ENABLE_DEBUG_INFO = NO;
				MTL_FAST_MATH = YES;
				SDKROOT = iphoneos;
				SWIFT_COMPILATION_MODE = wholemodule;
				SWIFT_OPTIMIZATION_LEVEL = "-O";
				VALIDATE_PRODUCT = YES;
			};
			name = Release;
		};
		CF6D1117233C30A800CC8510 /* Debug */ = {
			isa = XCBuildConfiguration;
			buildSettings = {
				ASSETCATALOG_COMPILER_APPICON_NAME = AppIcon;
				CODE_SIGN_STYLE = Automatic;
				DEVELOPMENT_TEAM = 773WNUNYUG;
				INFOPLIST_FILE = IS543Proj1/Info.plist;
				IPHONEOS_DEPLOYMENT_TARGET = 13.0;
				LD_RUNPATH_SEARCH_PATHS = (
					"$(inherited)",
					"@executable_path/Frameworks",
				);
				PRODUCT_BUNDLE_IDENTIFIER = com.Prometheus.IS543Proj1;
				PRODUCT_NAME = "$(TARGET_NAME)";
				SWIFT_VERSION = 5.0;
				TARGETED_DEVICE_FAMILY = 1;
			};
			name = Debug;
		};
		CF6D1118233C30A800CC8510 /* Release */ = {
			isa = XCBuildConfiguration;
			buildSettings = {
				ASSETCATALOG_COMPILER_APPICON_NAME = AppIcon;
				CODE_SIGN_STYLE = Automatic;
				DEVELOPMENT_TEAM = 773WNUNYUG;
				INFOPLIST_FILE = IS543Proj1/Info.plist;
				IPHONEOS_DEPLOYMENT_TARGET = 13.0;
				LD_RUNPATH_SEARCH_PATHS = (
					"$(inherited)",
					"@executable_path/Frameworks",
				);
				PRODUCT_BUNDLE_IDENTIFIER = com.Prometheus.IS543Proj1;
				PRODUCT_NAME = "$(TARGET_NAME)";
				SWIFT_VERSION = 5.0;
				TARGETED_DEVICE_FAMILY = 1;
			};
			name = Release;
		};
/* End XCBuildConfiguration section */

/* Begin XCConfigurationList section */
		CF6D10FD233C30A700CC8510 /* Build configuration list for PBXProject "IS543Proj1" */ = {
			isa = XCConfigurationList;
			buildConfigurations = (
				CF6D1114233C30A800CC8510 /* Debug */,
				CF6D1115233C30A800CC8510 /* Release */,
			);
			defaultConfigurationIsVisible = 0;
			defaultConfigurationName = Release;
		};
		CF6D1116233C30A800CC8510 /* Build configuration list for PBXNativeTarget "IS543Proj1" */ = {
			isa = XCConfigurationList;
			buildConfigurations = (
				CF6D1117233C30A800CC8510 /* Debug */,
				CF6D1118233C30A800CC8510 /* Release */,
			);
			defaultConfigurationIsVisible = 0;
			defaultConfigurationName = Release;
		};
/* End XCConfigurationList section */
	};
	rootObject = CF6D10FA233C30A700CC8510 /* Project object */;
}
